{
  "version": 4,
  "terraform_version": "1.16.3",
  "serial": 86,
  "lineage": "8343a025-6aec-72ef-86e4-4b242f8c52b2",
  "outputs": {},
  "resources": [
    {
      "mode": "managed",
      "type": "eveng_lab",
      "name": "enterprise_lab",
      "provider": "provider[\"registry.terraform.io/qmuntal/eveng\"]",
      "instances": [
        {
          "schema_version": 0,
          "attributes": {
            "author": null,
            "body": null,
            "description": null,
            "filename": "enterprise_lab.unl",
            "folder_path": null,
            "id": "3f871d37-e5ed-4e5d-a465-0d3a9df1e1ae",
            "name": "enterprise_lab",
            "path": "/enterprise_lab.unl",
            "version": "0"
          },
          "sensitive_attributes": [],
          "identity_schema_version": 0
        }
      ]
    },
    {
      "mode": "managed",
      "type": "eveng_network",
      "name": "lon_lan",
      "provider": "provider[\"registry.terraform.io/qmuntal/eveng\"]",
      "instances": [
        {
          "schema_version": 0,
          "attributes": {
            "icon": "lan.png",
            "id": 2,
            "lab_path": "/enterprise_lab.unl",
            "left": 1059,
            "name": "LON_LAN",
            "top": 396,
            "type": "bridge"
          },
          "sensitive_attributes": [],
          "identity_schema_version": 0,
          "dependencies": [
            "eveng_lab.enterprise_lab"
          ]
        }
      ]
    },
    {
      "mode": "managed",
      "type": "eveng_network",
      "name": "nyc_lan",
      "provider": "provider[\"registry.terraform.io/qmuntal/eveng\"]",
      "instances": [
        {
          "schema_version": 0,
          "attributes": {
            "icon": "lan.png",
            "id": 3,
            "lab_path": "/enterprise_lab.unl",
            "left": 522,
            "name": "NYC_LAN",
            "top": 450,
            "type": "bridge"
          },
          "sensitive_attributes": [],
          "identity_schema_version": 0,
          "dependencies": [
            "eveng_lab.enterprise_lab"
          ]
        }
      ]
    },
    {
      "mode": "managed",
      "type": "eveng_network",
      "name": "wan_transit",
      "provider": "provider[\"registry.terraform.io/qmuntal/eveng\"]",
      "instances": [
        {
          "schema_version": 0,
          "attributes": {
            "icon": "lan.png",
            "id": 1,
            "lab_path": "/enterprise_lab.unl",
            "left": 783,
            "name": "WAN_Transit",
            "top": 138,
            "type": "bridge"
          },
          "sensitive_attributes": [],
          "identity_schema_version": 0,
          "dependencies": [
            "eveng_lab.enterprise_lab"
          ]
        }
      ]
    },
    {
      "mode": "managed",
      "type": "eveng_node",
      "name": "lon_pa01",
      "provider": "provider[\"registry.terraform.io/qmuntal/eveng\"]",
      "instances": [
        {
          "schema_version": 0,
          "attributes": {
            "config": "0",
            "console": "telnet",
            "cpu": 1,
            "delay": 0,
            "ethernet": 4,
            "icon": "Firewall-2D-PA-S.svg",
            "id": 4,
            "image": "paloalto-8.0.0",
            "interfaces": {
              "ethernet": [
                "mgmt",
                "eth1/1",
                "eth1/2",
                "eth1/3"
              ],
              "serial": []
            },
            "lab_path": "/enterprise_lab.unl",
            "left": 1080,
            "name": "lon_pa01",
            "ram": 1024,
            "template": "paloalto",
            "top": 288,
            "type": "qemu",
            "url": "telnet://192.168.2.197:32772",
            "uuid": "29d80c1d-d015-439d-b78a-a3075745448a"
          },
          "sensitive_attributes": [],
          "identity_schema_version": 0,
          "dependencies": [
            "eveng_lab.enterprise_lab"
          ]
        }
      ]
    },
    {
      "mode": "managed",
      "type": "eveng_node",
      "name": "lon_r1",
      "provider": "provider[\"registry.terraform.io/qmuntal/eveng\"]",
      "instances": [
        {
          "schema_version": 0,
          "attributes": {
            "config": null,
            "console": "telnet",
            "cpu": 1,
            "delay": 0,
            "ethernet": 4,
            "icon": "Router-2D-Gen-White-S.svg",
            "id": 3,
            "image": "vios-158-3.m6",
            "interfaces": {
              "ethernet": [
                "Gi0/1",
                "Gi0/2",
                "Gi0/3",
                "Gi0/0"
              ],
              "serial": []
            },
            "lab_path": "/enterprise_lab.unl",
            "left": 996,
            "name": "lon_r1",
            "ram": 1024,
            "template": "vios",
            "top": 516,
            "type": "qemu",
            "url": "telnet://192.168.2.197:32771",
            "uuid": "82857d54-f394-4092-896e-e31c3fd7a1ed"
          },
          "sensitive_attributes": [],
          "identity_schema_version": 0,
          "dependencies": [
            "eveng_lab.enterprise_lab"
          ]
        }
      ]
    },
    {
      "mode": "managed",
      "type": "eveng_node",
      "name": "lon_r2",
      "provider": "provider[\"registry.terraform.io/qmuntal/eveng\"]",
      "instances": [
        {
          "schema_version": 0,
          "attributes": {
            "config": null,
            "console": "telnet",
            "cpu": 1,
            "delay": 0,
            "ethernet": 4,
            "icon": "Router-2D-Gen-White-S.svg",
            "id": 5,
            "image": "vios-158-3.m6",
            "interfaces": {
              "ethernet": [
                "Gi0/0",
                "Gi0/1",
                "Gi0/2",
                "Gi0/3"
              ],
              "serial": []
            },
            "lab_path": "/enterprise_lab.unl",
            "left": 1161,
            "name": "lon_r2",
            "ram": 1024,
            "template": "vios",
            "top": 519,
            "type": "qemu",
            "url": "telnet://192.168.2.197:32773",
            "uuid": "fd99d2df-1ab0-48bd-9dd1-707903ccfd66"
          },
          "sensitive_attributes": [],
          "identity_schema_version": 0,
          "dependencies": [
            "eveng_lab.enterprise_lab"
          ]
        }
      ]
    },
    {
      "mode": "managed",
      "type": "eveng_node",
      "name": "nyc_pa01",
      "provider": "provider[\"registry.terraform.io/qmuntal/eveng\"]",
      "instances": [
        {
          "schema_version": 0,
          "attributes": {
            "config": "0",
            "console": "telnet",
            "cpu": 1,
            "delay": 0,
            "ethernet": 4,
            "icon": "Firewall-2D-PA-S.svg",
            "id": 6,
            "image": "paloalto-8.0.0",
            "interfaces": {
              "ethernet": [
                "mgmt",
                "eth1/1",
                "eth1/2",
                "eth1/3"
              ],
              "serial": []
            },
            "lab_path": "/enterprise_lab.unl",
            "left": 501,
            "name": "nyc_pa01",
            "ram": 1024,
            "template": "paloalto",
            "top": 297,
            "type": "qemu",
            "url": "telnet://192.168.2.197:32774",
            "uuid": "e94faa71-dba8-4695-ad85-a5df65d774ee"
          },
          "sensitive_attributes": [],
          "identity_schema_version": 0,
          "dependencies": [
            "eveng_lab.enterprise_lab"
          ]
        }
      ]
    },
    {
      "mode": "managed",
      "type": "eveng_node",
      "name": "nyc_r1",
      "provider": "provider[\"registry.terraform.io/qmuntal/eveng\"]",
      "instances": [
        {
          "schema_version": 0,
          "attributes": {
            "config": null,
            "console": "telnet",
            "cpu": 1,
            "delay": 0,
            "ethernet": 4,
            "icon": "Router-2D-Gen-White-S.svg",
            "id": 1,
            "image": "vios-158-3.m6",
            "interfaces": {
              "ethernet": [
                "Gi0/0",
                "Gi0/1",
                "Gi0/2",
                "Gi0/3"
              ],
              "serial": []
            },
            "lab_path": "/enterprise_lab.unl",
            "left": 441,
            "name": "nyc_r1",
            "ram": 1024,
            "template": "vios",
            "top": 540,
            "type": "qemu",
            "url": "telnet://192.168.2.197:32769",
            "uuid": "feeebc98-d1ff-4986-b79a-f0f9127063a1"
          },
          "sensitive_attributes": [],
          "identity_schema_version": 0,
          "dependencies": [
            "eveng_lab.enterprise_lab"
          ]
        }
      ]
    },
    {
      "mode": "managed",
      "type": "eveng_node",
      "name": "nyc_r2",
      "provider": "provider[\"registry.terraform.io/qmuntal/eveng\"]",
      "instances": [
        {
          "schema_version": 0,
          "attributes": {
            "config": null,
            "console": "telnet",
            "cpu": 1,
            "delay": 0,
            "ethernet": 4,
            "icon": "Router-2D-Gen-White-S.svg",
            "id": 2,
            "image": "vios-158-3.m6",
            "interfaces": {
              "ethernet": [
                "Gi0/1",
                "Gi0/2",
                "Gi0/3",
                "Gi0/0"
              ],
              "serial": []
            },
            "lab_path": "/enterprise_lab.unl",
            "left": 627,
            "name": "nyc_r2",
            "ram": 1024,
            "template": "vios",
            "top": 537,
            "type": "qemu",
            "url": "telnet://192.168.2.197:32770",
            "uuid": "1b74c516-2d1b-445d-846d-5c87efde0b3f"
          },
          "sensitive_attributes": [],
          "identity_schema_version": 0,
          "dependencies": [
            "eveng_lab.enterprise_lab"
          ]
        }
      ]
    }
  ],
  "check_results": null
}
