{
  "version": 4,
  "terraform_version": "1.16.4",
  "serial": 109,
  "lineage": "339df3f3-4d4e-a5aa-4728-621c77ff240b",
  "outputs": {},
  "resources": [
    {
      "mode": "managed",
      "type": "eveng_lab",
      "name": "two_site_enterprise",
      "provider": "provider[\"registry.terraform.io/i-am-smolli/eveng\"]",
      "instances": [
        {
          "schema_version": 0,
          "attributes": {
            "author": null,
            "body": null,
            "description": null,
            "filename": "Two-Site-Enterprise.unl",
            "folder_path": null,
            "id": "65380e53-7303-46b9-9b70-ce488bb36198",
            "name": "Two-Site-Enterprise",
            "path": "/Two-Site-Enterprise.unl",
            "version": "0"
          },
          "sensitive_attributes": [],
          "identity_schema_version": 0
        }
      ]
    },
    {
      "mode": "managed",
      "type": "eveng_network",
      "name": "site_to_site_wan",
      "provider": "provider[\"registry.terraform.io/i-am-smolli/eveng\"]",
      "instances": [
        {
          "schema_version": 0,
          "attributes": {
            "icon": "01-Cloud-Default.svg",
            "id": 1,
            "lab_path": "/Two-Site-Enterprise.unl",
            "left": 750,
            "name": "SITE1-SITE2-WAN",
            "top": 300,
            "type": "bridge"
          },
          "sensitive_attributes": [],
          "identity_schema_version": 0,
          "dependencies": [
            "eveng_lab.two_site_enterprise"
          ]
        }
      ]
    },
    {
      "mode": "managed",
      "type": "eveng_node",
      "name": "site1_router",
      "provider": "provider[\"registry.terraform.io/i-am-smolli/eveng\"]",
      "instances": [
        {
          "schema_version": 0,
          "attributes": {
            "config": null,
            "console": "telnet",
            "cpu": 1,
            "delay": 0,
            "ethernet": 4,
            "icon": "Router-2D-Gen-White-S.svg",
            "id": 7,
            "image": "vios-158-3.m6",
            "interfaces": {
              "ethernet": [
                "Gi0/0",
                "Gi0/1",
                "Gi0/2",
                "Gi0/3"
              ],
              "serial": []
            },
            "lab_path": "/Two-Site-Enterprise.unl",
            "left": 450,
            "name": "SITE1-R1",
            "ram": 1024,
            "template": "vios",
            "top": 300,
            "type": "qemu",
            "url": "telnet://192.168.2.197:32775",
            "uuid": "8cb59b84-a558-4f60-91d8-5daae2e00b69"
          },
          "sensitive_attributes": [],
          "identity_schema_version": 0,
          "dependencies": [
            "eveng_lab.two_site_enterprise"
          ]
        }
      ]
    },
    {
      "mode": "managed",
      "type": "eveng_node",
      "name": "site1_sw1",
      "provider": "provider[\"registry.terraform.io/i-am-smolli/eveng\"]",
      "instances": [
        {
          "schema_version": 0,
          "attributes": {
            "config": null,
            "console": "",
            "cpu": 0,
            "delay": 0,
            "ethernet": 16,
            "icon": "Router-2D-Gen-White-S.svg",
            "id": 4,
            "image": "i86bi-linux-l2-adventerprise-15.1b.bin",
            "interfaces": {
              "ethernet": [
                "e6/1",
                "e4/1",
                "e12/1",
                "e14/0",
                "e2/1",
                "e9/1",
                "e3/0",
                "e5/2",
                "e14/2",
                "e11/3",
                "e4/0",
                "e11/0",
                "e11/2",
                "e6/2",
                "e0/3",
                "e6/3",
                "e1/0",
                "e7/1",
                "e7/2",
                "e9/3",
                "e9/0",
                "e12/0",
                "e10/1",
                "e5/0",
                "e13/1",
                "e2/2",
                "e4/2",
                "e10/2",
                "e1/3",
                "e3/1",
                "e15/1",
                "e0/2",
                "e8/2",
                "e13/2",
                "e15/3",
                "e8/0",
                "e15/0",
                "e3/2",
                "e15/2",
                "e8/3",
                "e13/3",
                "e10/0",
                "e1/1",
                "e1/2",
                "e12/2",
                "e2/3",
                "e3/3",
                "e10/3",
                "e7/0",
                "e0/0",
                "e2/0",
                "e11/1",
                "e5/3",
                "e8/1",
                "e6/0",
                "e12/3",
                "e14/3",
                "e0/1",
                "e5/1",
                "e14/1",
                "e9/2",
                "e4/3",
                "e7/3",
                "e13/0"
              ],
              "serial": []
            },
            "lab_path": "/Two-Site-Enterprise.unl",
            "left": 150,
            "name": "SITE1-SW1",
            "ram": 1024,
            "template": "iol",
            "top": 150,
            "type": "iol",
            "url": "telnet://192.168.2.197:32772",
            "uuid": ""
          },
          "sensitive_attributes": [],
          "identity_schema_version": 0,
          "dependencies": [
            "eveng_lab.two_site_enterprise"
          ]
        }
      ]
    },
    {
      "mode": "managed",
      "type": "eveng_node",
      "name": "site1_sw2",
      "provider": "provider[\"registry.terraform.io/i-am-smolli/eveng\"]",
      "instances": [
        {
          "schema_version": 0,
          "attributes": {
            "config": null,
            "console": "",
            "cpu": 0,
            "delay": 0,
            "ethernet": 16,
            "icon": "Router-2D-Gen-White-S.svg",
            "id": 5,
            "image": "i86bi-linux-l2-adventerprise-15.1b.bin",
            "interfaces": {
              "ethernet": [
                "e7/3",
                "e14/1",
                "e6/2",
                "e6/3",
                "e3/1",
                "e14/0",
                "e8/3",
                "e10/3",
                "e12/0",
                "e2/2",
                "e8/2",
                "e0/3",
                "e6/1",
                "e13/1",
                "e4/2",
                "e5/2",
                "e6/0",
                "e7/2",
                "e4/0",
                "e12/3",
                "e0/0",
                "e13/2",
                "e5/3",
                "e9/3",
                "e8/0",
                "e10/0",
                "e0/1",
                "e12/1",
                "e3/0",
                "e3/2",
                "e9/2",
                "e11/2",
                "e14/3",
                "e11/0",
                "e4/1",
                "e0/2",
                "e10/2",
                "e14/2",
                "e15/2",
                "e7/0",
                "e1/0",
                "e8/1",
                "e11/1",
                "e1/2",
                "e13/3",
                "e5/1",
                "e10/1",
                "e5/0",
                "e15/3",
                "e9/0",
                "e2/0",
                "e7/1",
                "e15/1",
                "e12/2",
                "e2/3",
                "e1/3",
                "e3/3",
                "e4/3",
                "e13/0",
                "e2/1",
                "e9/1",
                "e15/0",
                "e1/1",
                "e11/3"
              ],
              "serial": []
            },
            "lab_path": "/Two-Site-Enterprise.unl",
            "left": 50,
            "name": "SITE1-SW2",
            "ram": 1024,
            "template": "iol",
            "top": 350,
            "type": "iol",
            "url": "telnet://192.168.2.197:32773",
            "uuid": ""
          },
          "sensitive_attributes": [],
          "identity_schema_version": 0,
          "dependencies": [
            "eveng_lab.two_site_enterprise"
          ]
        }
      ]
    },
    {
      "mode": "managed",
      "type": "eveng_node",
      "name": "site1_sw3",
      "provider": "provider[\"registry.terraform.io/i-am-smolli/eveng\"]",
      "instances": [
        {
          "schema_version": 0,
          "attributes": {
            "config": null,
            "console": "",
            "cpu": 0,
            "delay": 0,
            "ethernet": 16,
            "icon": "Router-2D-Gen-White-S.svg",
            "id": 3,
            "image": "i86bi-linux-l2-adventerprise-15.1b.bin",
            "interfaces": {
              "ethernet": [
                "e4/2",
                "e14/3",
                "e6/3",
                "e0/0",
                "e0/1",
                "e2/0",
                "e5/1",
                "e10/1",
                "e11/3",
                "e15/1",
                "e1/1",
                "e2/1",
                "e3/2",
                "e4/1",
                "e11/1",
                "e0/2",
                "e12/2",
                "e15/2",
                "e15/3",
                "e8/1",
                "e8/2",
                "e4/3",
                "e7/3",
                "e5/2",
                "e10/0",
                "e11/0",
                "e7/1",
                "e13/2",
                "e11/2",
                "e5/3",
                "e9/1",
                "e14/1",
                "e1/2",
                "e1/3",
                "e12/1",
                "e13/1",
                "e14/2",
                "e7/2",
                "e3/1",
                "e15/0",
                "e6/1",
                "e2/2",
                "e13/3",
                "e9/2",
                "e8/3",
                "e7/0",
                "e9/0",
                "e13/0",
                "e6/2",
                "e10/2",
                "e0/3",
                "e5/0",
                "e8/0",
                "e3/3",
                "e3/0",
                "e4/0",
                "e6/0",
                "e12/3",
                "e2/3",
                "e9/3",
                "e10/3",
                "e1/0",
                "e12/0",
                "e14/0"
              ],
              "serial": []
            },
            "lab_path": "/Two-Site-Enterprise.unl",
            "left": 150,
            "name": "SITE1-SW3",
            "ram": 1024,
            "template": "iol",
            "top": 550,
            "type": "iol",
            "url": "telnet://192.168.2.197:32771",
            "uuid": ""
          },
          "sensitive_attributes": [],
          "identity_schema_version": 0,
          "dependencies": [
            "eveng_lab.two_site_enterprise"
          ]
        }
      ]
    },
    {
      "mode": "managed",
      "type": "eveng_node",
      "name": "site2_router",
      "provider": "provider[\"registry.terraform.io/i-am-smolli/eveng\"]",
      "instances": [
        {
          "schema_version": 0,
          "attributes": {
            "config": null,
            "console": "telnet",
            "cpu": 1,
            "delay": 0,
            "ethernet": 4,
            "icon": "Router-2D-Gen-White-S.svg",
            "id": 1,
            "image": "vios-158-3.m6",
            "interfaces": {
              "ethernet": [
                "Gi0/2",
                "Gi0/3",
                "Gi0/0",
                "Gi0/1"
              ],
              "serial": []
            },
            "lab_path": "/Two-Site-Enterprise.unl",
            "left": 1050,
            "name": "SITE2-R1",
            "ram": 1024,
            "template": "vios",
            "top": 300,
            "type": "qemu",
            "url": "telnet://192.168.2.197:32769",
            "uuid": "c052c368-1983-4f30-808a-4af8eb4bfedc"
          },
          "sensitive_attributes": [],
          "identity_schema_version": 0,
          "dependencies": [
            "eveng_lab.two_site_enterprise"
          ]
        }
      ]
    },
    {
      "mode": "managed",
      "type": "eveng_node",
      "name": "site2_sw1",
      "provider": "provider[\"registry.terraform.io/i-am-smolli/eveng\"]",
      "instances": [
        {
          "schema_version": 0,
          "attributes": {
            "config": null,
            "console": "",
            "cpu": 0,
            "delay": 0,
            "ethernet": 16,
            "icon": "Router-2D-Gen-White-S.svg",
            "id": 6,
            "image": "i86bi-linux-l2-adventerprise-15.1b.bin",
            "interfaces": {
              "ethernet": [
                "e8/2",
                "e14/2",
                "e13/3",
                "e11/0",
                "e1/1",
                "e2/0",
                "e3/2",
                "e12/2",
                "e2/3",
                "e12/3",
                "e15/1",
                "e5/2",
                "e5/0",
                "e5/1",
                "e11/1",
                "e0/1",
                "e5/3",
                "e7/3",
                "e9/3",
                "e6/0",
                "e7/1",
                "e2/2",
                "e1/3",
                "e8/3",
                "e14/3",
                "e1/0",
                "e15/0",
                "e10/1",
                "e0/2",
                "e9/2",
                "e8/0",
                "e4/0",
                "e10/2",
                "e0/3",
                "e4/1",
                "e9/1",
                "e10/0",
                "e13/2",
                "e3/3",
                "e10/3",
                "e4/2",
                "e6/2",
                "e7/2",
                "e0/0",
                "e12/1",
                "e3/0",
                "e14/1",
                "e6/3",
                "e9/0",
                "e2/1",
                "e3/1",
                "e8/1",
                "e13/1",
                "e4/3",
                "e11/3",
                "e13/0",
                "e14/0",
                "e15/3",
                "e1/2",
                "e11/2",
                "e15/2",
                "e7/0",
                "e12/0",
                "e6/1"
              ],
              "serial": []
            },
            "lab_path": "/Two-Site-Enterprise.unl",
            "left": 1300,
            "name": "SITE2-SW1",
            "ram": 1024,
            "template": "iol",
            "top": 150,
            "type": "iol",
            "url": "telnet://192.168.2.197:32774",
            "uuid": ""
          },
          "sensitive_attributes": [],
          "identity_schema_version": 0,
          "dependencies": [
            "eveng_lab.two_site_enterprise"
          ]
        }
      ]
    },
    {
      "mode": "managed",
      "type": "eveng_node",
      "name": "site2_sw2",
      "provider": "provider[\"registry.terraform.io/i-am-smolli/eveng\"]",
      "instances": [
        {
          "schema_version": 0,
          "attributes": {
            "config": null,
            "console": "",
            "cpu": 0,
            "delay": 0,
            "ethernet": 16,
            "icon": "Router-2D-Gen-White-S.svg",
            "id": 2,
            "image": "i86bi-linux-l2-adventerprise-15.1b.bin",
            "interfaces": {
              "ethernet": [
                "e15/2",
                "e6/3",
                "e13/1",
                "e9/2",
                "e0/3",
                "e5/0",
                "e7/0",
                "e7/3",
                "e12/2",
                "e3/3",
                "e13/0",
                "e15/0",
                "e8/1",
                "e15/1",
                "e4/2",
                "e6/1",
                "e5/2",
                "e8/2",
                "e10/2",
                "e14/3",
                "e15/3",
                "e9/1",
                "e1/3",
                "e8/3",
                "e10/3",
                "e4/3",
                "e5/3",
                "e2/0",
                "e2/3",
                "e9/3",
                "e7/1",
                "e13/3",
                "e8/0",
                "e14/0",
                "e12/1",
                "e3/0",
                "e7/2",
                "e1/2",
                "e13/2",
                "e11/3",
                "e14/2",
                "e10/0",
                "e12/0",
                "e0/2",
                "e12/3",
                "e1/1",
                "e2/2",
                "e3/2",
                "e4/0",
                "e11/1",
                "e14/1",
                "e0/0",
                "e3/1",
                "e10/1",
                "e11/0",
                "e0/1",
                "e4/1",
                "e11/2",
                "e6/0",
                "e5/1",
                "e9/0",
                "e1/0",
                "e2/1",
                "e6/2"
              ],
              "serial": []
            },
            "lab_path": "/Two-Site-Enterprise.unl",
            "left": 1300,
            "name": "SITE2-SW2",
            "ram": 1024,
            "template": "iol",
            "top": 450,
            "type": "iol",
            "url": "telnet://192.168.2.197:32770",
            "uuid": ""
          },
          "sensitive_attributes": [],
          "identity_schema_version": 0,
          "dependencies": [
            "eveng_lab.two_site_enterprise"
          ]
        }
      ]
    },
    {
      "mode": "managed",
      "type": "eveng_node_link",
      "name": "site1_r1_sw1",
      "provider": "provider[\"registry.terraform.io/i-am-smolli/eveng\"]",
      "instances": [
        {
          "schema_version": 0,
          "attributes": {
            "lab_path": "/Two-Site-Enterprise.unl",
            "network_id": 6,
            "source_node_id": 7,
            "source_port": "Gi0/0",
            "style": null,
            "target_node_id": 4,
            "target_port": "e0/0"
          },
          "sensitive_attributes": [],
          "identity_schema_version": 0,
          "dependencies": [
            "eveng_lab.two_site_enterprise",
            "eveng_node.site1_router",
            "eveng_node.site1_sw1"
          ]
        }
      ]
    },
    {
      "mode": "managed",
      "type": "eveng_node_link",
      "name": "site1_router_wan",
      "provider": "provider[\"registry.terraform.io/i-am-smolli/eveng\"]",
      "instances": [
        {
          "schema_version": 0,
          "attributes": {
            "lab_path": "/Two-Site-Enterprise.unl",
            "network_id": 1,
            "source_node_id": 7,
            "source_port": "Gi0/1",
            "style": null,
            "target_node_id": null,
            "target_port": null
          },
          "sensitive_attributes": [],
          "identity_schema_version": 0,
          "dependencies": [
            "eveng_lab.two_site_enterprise",
            "eveng_network.site_to_site_wan",
            "eveng_node.site1_router"
          ]
        }
      ]
    },
    {
      "mode": "managed",
      "type": "eveng_node_link",
      "name": "site1_sw1_sw2",
      "provider": "provider[\"registry.terraform.io/i-am-smolli/eveng\"]",
      "instances": [
        {
          "schema_version": 0,
          "attributes": {
            "lab_path": "/Two-Site-Enterprise.unl",
            "network_id": 3,
            "source_node_id": 4,
            "source_port": "e0/1",
            "style": null,
            "target_node_id": 5,
            "target_port": "e0/0"
          },
          "sensitive_attributes": [],
          "identity_schema_version": 0,
          "dependencies": [
            "eveng_lab.two_site_enterprise",
            "eveng_node.site1_sw1",
            "eveng_node.site1_sw2"
          ]
        }
      ]
    },
    {
      "mode": "managed",
      "type": "eveng_node_link",
      "name": "site1_sw1_sw3",
      "provider": "provider[\"registry.terraform.io/i-am-smolli/eveng\"]",
      "instances": [
        {
          "schema_version": 0,
          "attributes": {
            "lab_path": "/Two-Site-Enterprise.unl",
            "network_id": 2,
            "source_node_id": 4,
            "source_port": "e0/2",
            "style": null,
            "target_node_id": 3,
            "target_port": "e0/0"
          },
          "sensitive_attributes": [],
          "identity_schema_version": 0,
          "dependencies": [
            "eveng_lab.two_site_enterprise",
            "eveng_node.site1_sw1",
            "eveng_node.site1_sw3"
          ]
        }
      ]
    },
    {
      "mode": "managed",
      "type": "eveng_node_link",
      "name": "site2_r1_sw1",
      "provider": "provider[\"registry.terraform.io/i-am-smolli/eveng\"]",
      "instances": [
        {
          "schema_version": 0,
          "attributes": {
            "lab_path": "/Two-Site-Enterprise.unl",
            "network_id": 4,
            "source_node_id": 1,
            "source_port": "Gi0/0",
            "style": null,
            "target_node_id": 6,
            "target_port": "e0/0"
          },
          "sensitive_attributes": [],
          "identity_schema_version": 0,
          "dependencies": [
            "eveng_lab.two_site_enterprise",
            "eveng_node.site2_router",
            "eveng_node.site2_sw1"
          ]
        }
      ]
    },
    {
      "mode": "managed",
      "type": "eveng_node_link",
      "name": "site2_router_wan",
      "provider": "provider[\"registry.terraform.io/i-am-smolli/eveng\"]",
      "instances": [
        {
          "schema_version": 0,
          "attributes": {
            "lab_path": "/Two-Site-Enterprise.unl",
            "network_id": 1,
            "source_node_id": 1,
            "source_port": "Gi0/1",
            "style": null,
            "target_node_id": null,
            "target_port": null
          },
          "sensitive_attributes": [],
          "identity_schema_version": 0,
          "dependencies": [
            "eveng_lab.two_site_enterprise",
            "eveng_network.site_to_site_wan",
            "eveng_node.site2_router"
          ]
        }
      ]
    },
    {
      "mode": "managed",
      "type": "eveng_node_link",
      "name": "site2_sw1_sw2",
      "provider": "provider[\"registry.terraform.io/i-am-smolli/eveng\"]",
      "instances": [
        {
          "schema_version": 0,
          "attributes": {
            "lab_path": "/Two-Site-Enterprise.unl",
            "network_id": 5,
            "source_node_id": 6,
            "source_port": "e0/1",
            "style": null,
            "target_node_id": 2,
            "target_port": "e0/0"
          },
          "sensitive_attributes": [],
          "identity_schema_version": 0,
          "dependencies": [
            "eveng_lab.two_site_enterprise",
            "eveng_node.site2_sw1",
            "eveng_node.site2_sw2"
          ]
        }
      ]
    }
  ],
  "check_results": null
}
