{
  "version": 4,
  "terraform_version": "1.16.4",
  "serial": 957,
  "lineage": "c4776d62-9f64-ce04-6b06-6c2ec522e3d8",
  "outputs": {},
  "resources": [
    {
      "mode": "managed",
      "type": "eveng_lab",
      "name": "lab2_wan",
      "provider": "provider[\"registry.terraform.io/i-am-smolli/eveng\"]",
      "instances": [
        {
          "schema_version": 0,
          "attributes": {
            "author": null,
            "body": null,
            "description": "Independent multi-site enterprise lab with dual internet breakouts and inter-site WAN",
            "filename": "LAB2-WAN.unl",
            "folder_path": null,
            "id": "17a584b2-df8d-4386-a4ee-8e7c7a7f7350",
            "name": "LAB2-WAN",
            "path": "/LAB2-WAN.unl",
            "version": "0"
          },
          "sensitive_attributes": [],
          "identity_schema_version": 0
        }
      ]
    },
    {
      "mode": "managed",
      "type": "eveng_network",
      "name": "inter_site_wan",
      "provider": "provider[\"registry.terraform.io/i-am-smolli/eveng\"]",
      "instances": [
        {
          "schema_version": 0,
          "attributes": {
            "icon": "lan.png",
            "id": 3,
            "lab_path": "/LAB2-WAN.unl",
            "left": 400,
            "name": "WAN-SITE2-SITE3",
            "top": 200,
            "type": "bridge"
          },
          "sensitive_attributes": [],
          "identity_schema_version": 0,
          "dependencies": [
            "eveng_lab.lab2_wan"
          ]
        }
      ]
    },
    {
      "mode": "managed",
      "type": "eveng_network",
      "name": "internet_site2",
      "provider": "provider[\"registry.terraform.io/i-am-smolli/eveng\"]",
      "instances": [
        {
          "schema_version": 0,
          "attributes": {
            "icon": "lan.png",
            "id": 1,
            "lab_path": "/LAB2-WAN.unl",
            "left": 100,
            "name": "INTERNET-SITE2",
            "top": 50,
            "type": "bridge"
          },
          "sensitive_attributes": [],
          "identity_schema_version": 0,
          "dependencies": [
            "eveng_lab.lab2_wan"
          ]
        }
      ]
    },
    {
      "mode": "managed",
      "type": "eveng_network",
      "name": "internet_site3",
      "provider": "provider[\"registry.terraform.io/i-am-smolli/eveng\"]",
      "instances": [
        {
          "schema_version": 0,
          "attributes": {
            "icon": "lan.png",
            "id": 6,
            "lab_path": "/LAB2-WAN.unl",
            "left": 700,
            "name": "INTERNET-SITE3",
            "top": 50,
            "type": "bridge"
          },
          "sensitive_attributes": [],
          "identity_schema_version": 0,
          "dependencies": [
            "eveng_lab.lab2_wan"
          ]
        }
      ]
    },
    {
      "mode": "managed",
      "type": "eveng_network",
      "name": "site2_internal",
      "provider": "provider[\"registry.terraform.io/i-am-smolli/eveng\"]",
      "instances": [
        {
          "schema_version": 0,
          "attributes": {
            "icon": "lan.png",
            "id": 2,
            "lab_path": "/LAB2-WAN.unl",
            "left": 100,
            "name": "SITE2-INTERNAL-TRANSIT",
            "top": 250,
            "type": "bridge"
          },
          "sensitive_attributes": [],
          "identity_schema_version": 0,
          "dependencies": [
            "eveng_lab.lab2_wan"
          ]
        }
      ]
    },
    {
      "mode": "managed",
      "type": "eveng_network",
      "name": "site2_sw_trunk",
      "provider": "provider[\"registry.terraform.io/i-am-smolli/eveng\"]",
      "instances": [
        {
          "schema_version": 0,
          "attributes": {
            "icon": "lan.png",
            "id": 5,
            "lab_path": "/LAB2-WAN.unl",
            "left": 100,
            "name": "SITE2-SWITCH-TRUNKS",
            "top": 400,
            "type": "bridge"
          },
          "sensitive_attributes": [],
          "identity_schema_version": 0,
          "dependencies": [
            "eveng_lab.lab2_wan"
          ]
        }
      ]
    },
    {
      "mode": "managed",
      "type": "eveng_network",
      "name": "site3_internal",
      "provider": "provider[\"registry.terraform.io/i-am-smolli/eveng\"]",
      "instances": [
        {
          "schema_version": 0,
          "attributes": {
            "icon": "lan.png",
            "id": 4,
            "lab_path": "/LAB2-WAN.unl",
            "left": 700,
            "name": "SITE3-INTERNAL-TRANSIT",
            "top": 250,
            "type": "bridge"
          },
          "sensitive_attributes": [],
          "identity_schema_version": 0,
          "dependencies": [
            "eveng_lab.lab2_wan"
          ]
        }
      ]
    },
    {
      "mode": "managed",
      "type": "eveng_network",
      "name": "site3_sw_trunk",
      "provider": "provider[\"registry.terraform.io/i-am-smolli/eveng\"]",
      "instances": [
        {
          "schema_version": 0,
          "attributes": {
            "icon": "lan.png",
            "id": 7,
            "lab_path": "/LAB2-WAN.unl",
            "left": 700,
            "name": "SITE3-SWITCH-TRUNKS",
            "top": 400,
            "type": "bridge"
          },
          "sensitive_attributes": [],
          "identity_schema_version": 0,
          "dependencies": [
            "eveng_lab.lab2_wan"
          ]
        }
      ]
    },
    {
      "mode": "managed",
      "type": "eveng_node",
      "name": "site2_core",
      "provider": "provider[\"registry.terraform.io/i-am-smolli/eveng\"]",
      "instances": [
        {
          "schema_version": 0,
          "attributes": {
            "config": null,
            "console": "telnet",
            "cpu": 1,
            "delay": 0,
            "ethernet": 4,
            "icon": "Router-2D-Gen-White-S.svg",
            "id": 4,
            "image": "vios-158-3.m6",
            "interfaces": {
              "ethernet": [
                "Gi0/0",
                "Gi0/1",
                "Gi0/2",
                "Gi0/3"
              ],
              "serial": []
            },
            "lab_path": "/LAB2-WAN.unl",
            "left": 100,
            "name": "SITE2-CORE1",
            "ram": 1024,
            "template": "vios",
            "top": 300,
            "type": "qemu",
            "url": "telnet://192.168.2.197:32772",
            "uuid": "cd9febd2-36fc-4aca-829e-ad2feaa398b5"
          },
          "sensitive_attributes": [],
          "identity_schema_version": 0,
          "dependencies": [
            "eveng_lab.lab2_wan"
          ]
        }
      ]
    },
    {
      "mode": "managed",
      "type": "eveng_node",
      "name": "site2_edge",
      "provider": "provider[\"registry.terraform.io/i-am-smolli/eveng\"]",
      "instances": [
        {
          "schema_version": 0,
          "attributes": {
            "config": null,
            "console": "telnet",
            "cpu": 1,
            "delay": 0,
            "ethernet": 4,
            "icon": "Router-2D-Gen-White-S.svg",
            "id": 5,
            "image": "vios-158-3.m6",
            "interfaces": {
              "ethernet": [
                "Gi0/1",
                "Gi0/2",
                "Gi0/3",
                "Gi0/0"
              ],
              "serial": []
            },
            "lab_path": "/LAB2-WAN.unl",
            "left": 100,
            "name": "SITE2-EDGE1",
            "ram": 1024,
            "template": "vios",
            "top": 150,
            "type": "qemu",
            "url": "telnet://192.168.2.197:32773",
            "uuid": "5458ac82-d3cb-4425-ba7c-c9443620cb88"
          },
          "sensitive_attributes": [],
          "identity_schema_version": 0,
          "dependencies": [
            "eveng_lab.lab2_wan"
          ]
        }
      ]
    },
    {
      "mode": "managed",
      "type": "eveng_node",
      "name": "site2_sw1",
      "provider": "provider[\"registry.terraform.io/i-am-smolli/eveng\"]",
      "instances": [
        {
          "schema_version": 0,
          "attributes": {
            "config": null,
            "console": "",
            "cpu": 0,
            "delay": 0,
            "ethernet": 1,
            "icon": "Router-2D-Gen-White-S.svg",
            "id": 2,
            "image": "i86bi-linux-l2-adventerprise-15.1b.bin",
            "interfaces": {
              "ethernet": [
                "e0/0",
                "e0/1",
                "e0/2",
                "e0/3"
              ],
              "serial": []
            },
            "lab_path": "/LAB2-WAN.unl",
            "left": 25,
            "name": "SITE2-SW1",
            "ram": 1024,
            "template": "iol",
            "top": 500,
            "type": "iol",
            "url": "telnet://192.168.2.197:32770",
            "uuid": ""
          },
          "sensitive_attributes": [],
          "identity_schema_version": 0,
          "dependencies": [
            "eveng_lab.lab2_wan"
          ]
        }
      ]
    },
    {
      "mode": "managed",
      "type": "eveng_node",
      "name": "site3_core",
      "provider": "provider[\"registry.terraform.io/i-am-smolli/eveng\"]",
      "instances": [
        {
          "schema_version": 0,
          "attributes": {
            "config": null,
            "console": "telnet",
            "cpu": 1,
            "delay": 0,
            "ethernet": 4,
            "icon": "Router-2D-Gen-White-S.svg",
            "id": 6,
            "image": "vios-158-3.m6",
            "interfaces": {
              "ethernet": [
                "Gi0/2",
                "Gi0/3",
                "Gi0/0",
                "Gi0/1"
              ],
              "serial": []
            },
            "lab_path": "/LAB2-WAN.unl",
            "left": 700,
            "name": "SITE3-CORE1",
            "ram": 1024,
            "template": "vios",
            "top": 300,
            "type": "qemu",
            "url": "telnet://192.168.2.197:32774",
            "uuid": "2ed26b30-0e00-49f1-ad05-ae5de7e0f3ef"
          },
          "sensitive_attributes": [],
          "identity_schema_version": 0,
          "dependencies": [
            "eveng_lab.lab2_wan"
          ]
        }
      ]
    },
    {
      "mode": "managed",
      "type": "eveng_node",
      "name": "site3_edge",
      "provider": "provider[\"registry.terraform.io/i-am-smolli/eveng\"]",
      "instances": [
        {
          "schema_version": 0,
          "attributes": {
            "config": null,
            "console": "telnet",
            "cpu": 1,
            "delay": 0,
            "ethernet": 4,
            "icon": "Router-2D-Gen-White-S.svg",
            "id": 1,
            "image": "vios-158-3.m6",
            "interfaces": {
              "ethernet": [
                "Gi0/0",
                "Gi0/1",
                "Gi0/2",
                "Gi0/3"
              ],
              "serial": []
            },
            "lab_path": "/LAB2-WAN.unl",
            "left": 700,
            "name": "SITE3-EDGE1",
            "ram": 1024,
            "template": "vios",
            "top": 150,
            "type": "qemu",
            "url": "telnet://192.168.2.197:32769",
            "uuid": "6685c4ca-5bd9-4b29-b55b-a402b7849fca"
          },
          "sensitive_attributes": [],
          "identity_schema_version": 0,
          "dependencies": [
            "eveng_lab.lab2_wan"
          ]
        }
      ]
    },
    {
      "mode": "managed",
      "type": "eveng_node",
      "name": "site3_sw1",
      "provider": "provider[\"registry.terraform.io/i-am-smolli/eveng\"]",
      "instances": [
        {
          "schema_version": 0,
          "attributes": {
            "config": null,
            "console": "",
            "cpu": 0,
            "delay": 0,
            "ethernet": 1,
            "icon": "Router-2D-Gen-White-S.svg",
            "id": 3,
            "image": "i86bi-linux-l2-adventerprise-15.1b.bin",
            "interfaces": {
              "ethernet": [
                "e0/0",
                "e0/1",
                "e0/2",
                "e0/3"
              ],
              "serial": []
            },
            "lab_path": "/LAB2-WAN.unl",
            "left": 625,
            "name": "SITE3-SW1",
            "ram": 1024,
            "template": "iol",
            "top": 500,
            "type": "iol",
            "url": "telnet://192.168.2.197:32771",
            "uuid": ""
          },
          "sensitive_attributes": [],
          "identity_schema_version": 0,
          "dependencies": [
            "eveng_lab.lab2_wan"
          ]
        }
      ]
    },
    {
      "mode": "managed",
      "type": "time_sleep",
      "name": "wait_for_nodes",
      "provider": "provider[\"registry.terraform.io/hashicorp/time\"]",
      "instances": [
        {
          "schema_version": 0,
          "attributes": {
            "create_duration": "10s",
            "destroy_duration": null,
            "id": "2026-09-24T23:32:01Z",
            "triggers": null
          },
          "sensitive_attributes": [],
          "identity_schema_version": 0,
          "dependencies": [
            "eveng_lab.lab2_wan",
            "eveng_node.site2_core",
            "eveng_node.site2_edge",
            "eveng_node.site2_sw1",
            "eveng_node.site3_core",
            "eveng_node.site3_edge",
            "eveng_node.site3_sw1"
          ]
        }
      ]
    }
  ],
  "check_results": null
}
