{
  "version": 4,
  "terraform_version": "1.16.3",
  "serial": 12,
  "lineage": "bda19527-92a5-abc4-da7a-334b96554385",
  "outputs": {},
  "resources": [
    {
      "mode": "managed",
      "type": "eveng_lab",
      "name": "Lab1",
      "provider": "provider[\"registry.terraform.io/qmuntal/eveng\"]",
      "instances": [
        {
          "schema_version": 0,
          "attributes": {
            "author": null,
            "body": null,
            "description": null,
            "filename": "Lab1.unl",
            "folder_path": null,
            "id": "efd001f2-105a-47e4-80ab-4906f5d4e606",
            "name": "Lab1",
            "path": "/Lab1.unl",
            "version": "0"
          },
          "sensitive_attributes": [],
          "identity_schema_version": 0
        }
      ]
    },
    {
      "mode": "managed",
      "type": "eveng_node",
      "name": "par_r1",
      "provider": "provider[\"registry.terraform.io/qmuntal/eveng\"]",
      "instances": [
        {
          "schema_version": 0,
          "attributes": {
            "config": null,
            "console": "telnet",
            "cpu": 1,
            "delay": 0,
            "ethernet": 4,
            "icon": "Router-2D-Gen-White-S.svg",
            "id": 1,
            "image": "vios-158-3.m6",
            "interfaces": {
              "ethernet": [
                "Gi0/3",
                "Gi0/0",
                "Gi0/1",
                "Gi0/2"
              ],
              "serial": []
            },
            "lab_path": "/Lab1.unl",
            "left": 200,
            "name": "PAR-R1",
            "ram": 1024,
            "template": "vios",
            "top": 200,
            "type": "qemu",
            "url": "telnet://192.168.2.197:32769",
            "uuid": "cf3d912c-baeb-4bf7-b380-40677cff1368"
          },
          "sensitive_attributes": [],
          "identity_schema_version": 0,
          "dependencies": [
            "eveng_lab.Lab1"
          ]
        }
      ]
    },
    {
      "mode": "managed",
      "type": "eveng_node",
      "name": "par_r2",
      "provider": "provider[\"registry.terraform.io/qmuntal/eveng\"]",
      "instances": [
        {
          "schema_version": 0,
          "attributes": {
            "config": null,
            "console": "telnet",
            "cpu": 1,
            "delay": 0,
            "ethernet": 4,
            "icon": "Router-2D-Gen-White-S.svg",
            "id": 2,
            "image": "vios-158-3.m6",
            "interfaces": {
              "ethernet": [
                "Gi0/0",
                "Gi0/1",
                "Gi0/2",
                "Gi0/3"
              ],
              "serial": []
            },
            "lab_path": "/Lab1.unl",
            "left": 500,
            "name": "PAR-R2",
            "ram": 1024,
            "template": "vios",
            "top": 200,
            "type": "qemu",
            "url": "telnet://192.168.2.197:32770",
            "uuid": "b8b8c363-9088-4e01-a742-13ececee9bfe"
          },
          "sensitive_attributes": [],
          "identity_schema_version": 0,
          "dependencies": [
            "eveng_lab.Lab1"
          ]
        }
      ]
    }
  ],
  "check_results": null
}
