{
  "version": 4,
  "terraform_version": "1.16.3",
  "serial": 7,
  "lineage": "bda19527-92a5-abc4-da7a-334b96554385",
  "outputs": {},
  "resources": [
    {
      "mode": "managed",
      "type": "eveng_lab",
      "name": "Two_Node_Cisco_Lab",
      "provider": "provider[\"registry.terraform.io/qmuntal/eveng\"]",
      "instances": [
        {
          "schema_version": 0,
          "attributes": {
            "author": null,
            "body": null,
            "description": null,
            "filename": "Two_Node_Cisco_Lab.unl",
            "folder_path": null,
            "id": "0931c8f6-499a-4c94-a320-0e569137bbd3",
            "name": "Two_Node_Cisco_Lab",
            "path": "/Two_Node_Cisco_Lab.unl",
            "version": "0"
          },
          "sensitive_attributes": [],
          "identity_schema_version": 0
        }
      ]
    }
  ],
  "check_results": null
}
